
Microsoft Visual Studio Solution File, Format Version 12.00
# Visual Studio Version 16
VisualStudioVersion = 16.0.30907.101
MinimumVisualStudioVersion = 10.0.40219.1
Project("{9A19103F-16F7-4668-BE54-9A1E7A4F7556}") = "DataAccess", "DataAccess\DataAccess.csproj", "{AA56FBC9-48E3-4E12-8DF5-D3EA87FE826E}"
EndProject
Project("{9A19103F-16F7-4668-BE54-9A1E7A4F7556}") = "Business", "Business\Business.csproj", "{DA6BBF9F-6607-4C4B-9360-831A11E8F84D}"
EndProject
Project("{9A19103F-16F7-4668-BE54-9A1E7A4F7556}") = "Entities", "Entities\Entities.csproj", "{A8404495-44FA-4792-A6F8-10D638C538B2}"
EndProject
Project("{9A19103F-16F7-4668-BE54-9A1E7A4F7556}") = "ConsoleUI", "ConsoleUI\ConsoleUI.csproj", "{7D1B2304-C610-45C2-9BE0-B37362DE1E5F}"
EndProject
Project("{9A19103F-16F7-4668-BE54-9A1E7A4F7556}") = "Core", "Core\Core.csproj", "{B19C669D-A1F3-443C-AEC9-F7739A0EA0C0}"
EndProject
Project("{FAE04EC0-301F-11D3-BF4B-00C04F79EFBC}") = "WebAPI", "WebAPI\WebAPI.csproj", "{3830A555-FF81-4608-9BA2-EE5C66D55789}"
EndProject
Global
	GlobalSection(SolutionConfigurationPlatforms) = preSolution
		Debug|Any CPU = Debug|Any CPU
		Release|Any CPU = Release|Any CPU
	EndGlobalSection
	GlobalSection(ProjectConfigurationPlatforms) = postSolution
		{AA56FBC9-48E3-4E12-8DF5-D3EA87FE826E}.Debug|Any CPU.ActiveCfg = Debug|Any CPU
		{AA56FBC9-48E3-4E12-8DF5-D3EA87FE826E}.Debug|Any CPU.Build.0 = Debug|Any CPU
		{AA56FBC9-48E3-4E12-8DF5-D3EA87FE826E}.Release|Any CPU.ActiveCfg = Release|Any CPU
		{AA56FBC9-48E3-4E12-8DF5-D3EA87FE826E}.Release|Any CPU.Build.0 = Release|Any CPU
		{DA6BBF9F-6607-4C4B-9360-831A11E8F84D}.Debug|Any CPU.ActiveCfg = Debug|Any CPU
		{DA6BBF9F-6607-4C4B-9360-831A11E8F84D}.Debug|Any CPU.Build.0 = Debug|Any CPU
		{DA6BBF9F-6607-4C4B-9360-831A11E8F84D}.Release|Any CPU.ActiveCfg = Release|Any CPU
		{DA6BBF9F-6607-4C4B-9360-831A11E8F84D}.Release|Any CPU.Build.0 = Release|Any CPU
		{A8404495-44FA-4792-A6F8-10D638C538B2}.Debug|Any CPU.ActiveCfg = Debug|Any CPU
		{A8404495-44FA-4792-A6F8-10D638C538B2}.Debug|Any CPU.Build.0 = Debug|Any CPU
		{A8404495-44FA-4792-A6F8-10D638C538B2}.Release|Any CPU.ActiveCfg = Release|Any CPU
		{A8404495-44FA-4792-A6F8-10D638C538B2}.Release|Any CPU.Build.0 = Release|Any CPU
		{7D1B2304-C610-45C2-9BE0-B37362DE1E5F}.Debug|Any CPU.ActiveCfg = Debug|Any CPU
		{7D1B2304-C610-45C2-9BE0-B37362DE1E5F}.Debug|Any CPU.Build.0 = Debug|Any CPU
		{7D1B2304-C610-45C2-9BE0-B37362DE1E5F}.Release|Any CPU.ActiveCfg = Release|Any CPU
		{7D1B2304-C610-45C2-9BE0-B37362DE1E5F}.Release|Any CPU.Build.0 = Release|Any CPU
		{B19C669D-A1F3-443C-AEC9-F7739A0EA0C0}.Debug|Any CPU.ActiveCfg = Debug|Any CPU
		{B19C669D-A1F3-443C-AEC9-F7739A0EA0C0}.Debug|Any CPU.Build.0 = Debug|Any CPU
		{B19C669D-A1F3-443C-AEC9-F7739A0EA0C0}.Release|Any CPU.ActiveCfg = Release|Any CPU
		{B19C669D-A1F3-443C-AEC9-F7739A0EA0C0}.Release|Any CPU.Build.0 = Release|Any CPU
		{3830A555-FF81-4608-9BA2-EE5C66D55789}.Debug|Any CPU.ActiveCfg = Debug|Any CPU
		{3830A555-FF81-4608-9BA2-EE5C66D55789}.Debug|Any CPU.Build.0 = Debug|Any CPU
		{3830A555-FF81-4608-9BA2-EE5C66D55789}.Release|Any CPU.ActiveCfg = Release|Any CPU
		{3830A555-FF81-4608-9BA2-EE5C66D55789}.Release|Any CPU.Build.0 = Release|Any CPU
	EndGlobalSection
	GlobalSection(SolutionProperties) = preSolution
		HideSolutionNode = FALSE
	EndGlobalSection
	GlobalSection(ExtensibilityGlobals) = postSolution
		SolutionGuid = {7A961647-BDB5-4102-87C8-A3760D159691}
	EndGlobalSection
EndGlobal
